// !$*UTF8*$!
{
	archiveVersion = 1;
	classes = {
	};
	objectVersion = 46;
	objects = {

/* Begin PBXBuildFile section */
		BA1C18311452CB200045BA23 /* Line.png in Resources */ = {isa = PBXBuildFile; fileRef = BA1C18301452CB200045BA23 /* Line.png */; };
		BAA9AE23144B034D0029D4A6 /* UIKit.framework in Frameworks */ = {isa = PBXBuildFile; fileRef = BAA9AE22144B034D0029D4A6 /* UIKit.framework */; };
		BAA9AE25144B034D0029D4A6 /* Foundation.framework in Frameworks */ = {isa = PBXBuildFile; fileRef = BAA9AE24144B034D0029D4A6 /* Foundation.framework */; };
		BAA9AE27144B034D0029D4A6 /* CoreGraphics.framework in Frameworks */ = {isa = PBXBuildFile; fileRef = BAA9AE26144B034D0029D4A6 /* CoreGraphics.framework */; };
		BAA9AE29144B034D0029D4A6 /* CoreData.framework in Frameworks */ = {isa = PBXBuildFile; fileRef = BAA9AE28144B034D0029D4A6 /* CoreData.framework */; };
		BAA9AE2F144B034D0029D4A6 /* InfoPlist.strings in Resources */ = {isa = PBXBuildFile; fileRef = BAA9AE2D144B034D0029D4A6 /* InfoPlist.strings */; };
		BAA9AE32144B034D0029D4A6 /* main.m in Sources */ = {isa = PBXBuildFile; fileRef = BAA9AE31144B034D0029D4A6 /* main.m */; };
		BAA9AE35144B034D0029D4A6 /* Dots_And_BoxesAppDelegate.m in Sources */ = {isa = PBXBuildFile; fileRef = BAA9AE34144B034D0029D4A6 /* Dots_And_BoxesAppDelegate.m */; };
		BAA9AE38144B034E0029D4A6 /* MainWindow.xib in Resources */ = {isa = PBXBuildFile; fileRef = BAA9AE36144B034E0029D4A6 /* MainWindow.xib */; };
		BAA9AE3B144B034E0029D4A6 /* Dots_And_Boxes.xcdatamodeld in Sources */ = {isa = PBXBuildFile; fileRef = BAA9AE39144B034E0029D4A6 /* Dots_And_Boxes.xcdatamodeld */; };
		BAA9AE55144B0C3C0029D4A6 /* RootViewController.m in Sources */ = {isa = PBXBuildFile; fileRef = BAA9AE53144B0C3C0029D4A6 /* RootViewController.m */; };
		BAA9AE56144B0C3C0029D4A6 /* RootViewController.xib in Resources */ = {isa = PBXBuildFile; fileRef = BAA9AE54144B0C3C0029D4A6 /* RootViewController.xib */; };
		BAC1B2FD145432640085E9C1 /* Dot.png in Resources */ = {isa = PBXBuildFile; fileRef = BAC1B2FC145432640085E9C1 /* Dot.png */; };
		BAD48F931454051500931695 /* Player.m in Sources */ = {isa = PBXBuildFile; fileRef = BAD48F921454051500931695 /* Player.m */; };
		BAD48F961454055400931695 /* ComputerEasy.m in Sources */ = {isa = PBXBuildFile; fileRef = BAD48F951454055400931695 /* ComputerEasy.m */; };
		BAD48F99145405D200931695 /* Game.m in Sources */ = {isa = PBXBuildFile; fileRef = BAD48F98145405D200931695 /* Game.m */; };
		BADFECFE1452A0FC002AAF8F /* OnePlayerViewController.m in Sources */ = {isa = PBXBuildFile; fileRef = BADFECFC1452A0FC002AAF8F /* OnePlayerViewController.m */; };
		BADFECFF1452A0FC002AAF8F /* OnePlayerViewController.xib in Resources */ = {isa = PBXBuildFile; fileRef = BADFECFD1452A0FC002AAF8F /* OnePlayerViewController.xib */; };
		BADFED041452A357002AAF8F /* GameViewController.m in Sources */ = {isa = PBXBuildFile; fileRef = BADFED021452A357002AAF8F /* GameViewController.m */; };
		BADFED051452A357002AAF8F /* GameViewController.xib in Resources */ = {isa = PBXBuildFile; fileRef = BADFED031452A357002AAF8F /* GameViewController.xib */; };
		BADFED091452A49A002AAF8F /* RulesViewController.m in Sources */ = {isa = PBXBuildFile; fileRef = BADFED071452A49A002AAF8F /* RulesViewController.m */; };
		BADFED0A1452A49A002AAF8F /* RulesViewController.xib in Resources */ = {isa = PBXBuildFile; fileRef = BADFED081452A49A002AAF8F /* RulesViewController.xib */; };
/* End PBXBuildFile section */

/* Begin PBXFileReference section */
		BA1C18301452CB200045BA23 /* Line.png */ = {isa = PBXFileReference; lastKnownFileType = image.png; path = Line.png; sourceTree = "<group>"; };
		BAA9AE1E144B034D0029D4A6 /* Dots And Boxes.app */ = {isa = PBXFileReference; explicitFileType = wrapper.application; includeInIndex = 0; path = "Dots And Boxes.app"; sourceTree = BUILT_PRODUCTS_DIR; };
		BAA9AE22144B034D0029D4A6 /* UIKit.framework */ = {isa = PBXFileReference; lastKnownFileType = wrapper.framework; name = UIKit.framework; path = System/Library/Frameworks/UIKit.framework; sourceTree = SDKROOT; };
		BAA9AE24144B034D0029D4A6 /* Foundation.framework */ = {isa = PBXFileReference; lastKnownFileType = wrapper.framework; name = Foundation.framework; path = System/Library/Frameworks/Foundation.framework; sourceTree = SDKROOT; };
		BAA9AE26144B034D0029D4A6 /* CoreGraphics.framework */ = {isa = PBXFileReference; lastKnownFileType = wrapper.framework; name = CoreGraphics.framework; path = System/Library/Frameworks/CoreGraphics.framework; sourceTree = SDKROOT; };
		BAA9AE28144B034D0029D4A6 /* CoreData.framework */ = {isa = PBXFileReference; lastKnownFileType = wrapper.framework; name = CoreData.framework; path = System/Library/Frameworks/CoreData.framework; sourceTree = SDKROOT; };
		BAA9AE2C144B034D0029D4A6 /* Dots And Boxes-Info.plist */ = {isa = PBXFileReference; lastKnownFileType = text.plist.xml; path = "Dots And Boxes-Info.plist"; sourceTree = "<group>"; };
		BAA9AE2E144B034D0029D4A6 /* en */ = {isa = PBXFileReference; lastKnownFileType = text.plist.strings; name = en; path = en.lproj/InfoPlist.strings; sourceTree = "<group>"; };
		BAA9AE30144B034D0029D4A6 /* Dots And Boxes-Prefix.pch */ = {isa = PBXFileReference; lastKnownFileType = sourcecode.c.h; path = "Dots And Boxes-Prefix.pch"; sourceTree = "<group>"; };
		BAA9AE31144B034D0029D4A6 /* main.m */ = {isa = PBXFileReference; lastKnownFileType = sourcecode.c.objc; path = main.m; sourceTree = "<group>"; };
		BAA9AE33144B034D0029D4A6 /* Dots_And_BoxesAppDelegate.h */ = {isa = PBXFileReference; lastKnownFileType = sourcecode.c.h; path = Dots_And_BoxesAppDelegate.h; sourceTree = "<group>"; };
		BAA9AE34144B034D0029D4A6 /* Dots_And_BoxesAppDelegate.m */ = {isa = PBXFileReference; lastKnownFileType = sourcecode.c.objc; path = Dots_And_BoxesAppDelegate.m; sourceTree = "<group>"; };
		BAA9AE37144B034E0029D4A6 /* en */ = {isa = PBXFileReference; lastKnownFileType = file.xib; name = en; path = en.lproj/MainWindow.xib; sourceTree = "<group>"; };
		BAA9AE3A144B034E0029D4A6 /* Dots_And_Boxes.xcdatamodel */ = {isa = PBXFileReference; lastKnownFileType = wrapper.xcdatamodel; path = Dots_And_Boxes.xcdatamodel; sourceTree = "<group>"; };
		BAA9AE52144B0C3C0029D4A6 /* RootViewController.h */ = {isa = PBXFileReference; fileEncoding = 4; lastKnownFileType = sourcecode.c.h; name = RootViewController.h; path = "Dots And Boxes.xcodeproj/RootViewController.h"; sourceTree = SOURCE_ROOT; };
		BAA9AE53144B0C3C0029D4A6 /* RootViewController.m */ = {isa = PBXFileReference; fileEncoding = 4; lastKnownFileType = sourcecode.c.objc; name = RootViewController.m; path = "Dots And Boxes.xcodeproj/RootViewController.m"; sourceTree = SOURCE_ROOT; };
		BAA9AE54144B0C3C0029D4A6 /* RootViewController.xib */ = {isa = PBXFileReference; fileEncoding = 4; lastKnownFileType = file.xib; name = RootViewController.xib; path = "Dots And Boxes.xcodeproj/RootViewController.xib"; sourceTree = SOURCE_ROOT; };
		BAC1B2FC145432640085E9C1 /* Dot.png */ = {isa = PBXFileReference; lastKnownFileType = image.png; path = Dot.png; sourceTree = "<group>"; };
		BAD48F911454051500931695 /* Player.h */ = {isa = PBXFileReference; fileEncoding = 4; lastKnownFileType = sourcecode.c.h; path = Player.h; sourceTree = "<group>"; };
		BAD48F921454051500931695 /* Player.m */ = {isa = PBXFileReference; fileEncoding = 4; lastKnownFileType = sourcecode.c.objc; path = Player.m; sourceTree = "<group>"; };
		BAD48F941454055400931695 /* ComputerEasy.h */ = {isa = PBXFileReference; fileEncoding = 4; lastKnownFileType = sourcecode.c.h; path = ComputerEasy.h; sourceTree = "<group>"; };
		BAD48F951454055400931695 /* ComputerEasy.m */ = {isa = PBXFileReference; fileEncoding = 4; lastKnownFileType = sourcecode.c.objc; path = ComputerEasy.m; sourceTree = "<group>"; };
		BAD48F97145405D200931695 /* Game.h */ = {isa = PBXFileReference; fileEncoding = 4; lastKnownFileType = sourcecode.c.h; path = Game.h; sourceTree = "<group>"; };
		BAD48F98145405D200931695 /* Game.m */ = {isa = PBXFileReference; fileEncoding = 4; lastKnownFileType = sourcecode.c.objc; path = Game.m; sourceTree = "<group>"; };
		BADFECFB1452A0FC002AAF8F /* OnePlayerViewController.h */ = {isa = PBXFileReference; fileEncoding = 4; lastKnownFileType = sourcecode.c.h; name = OnePlayerViewController.h; path = ../OnePlayerViewController.h; sourceTree = "<group>"; };
		BADFECFC1452A0FC002AAF8F /* OnePlayerViewController.m */ = {isa = PBXFileReference; fileEncoding = 4; lastKnownFileType = sourcecode.c.objc; name = OnePlayerViewController.m; path = ../OnePlayerViewController.m; sourceTree = "<group>"; };
		BADFECFD1452A0FC002AAF8F /* OnePlayerViewController.xib */ = {isa = PBXFileReference; fileEncoding = 4; lastKnownFileType = file.xib; name = OnePlayerViewController.xib; path = ../OnePlayerViewController.xib; sourceTree = "<group>"; };
		BADFED011452A357002AAF8F /* GameViewController.h */ = {isa = PBXFileReference; fileEncoding = 4; lastKnownFileType = sourcecode.c.h; path = GameViewController.h; sourceTree = "<group>"; };
		BADFED021452A357002AAF8F /* GameViewController.m */ = {isa = PBXFileReference; fileEncoding = 4; lastKnownFileType = sourcecode.c.objc; path = GameViewController.m; sourceTree = "<group>"; };
		BADFED031452A357002AAF8F /* GameViewController.xib */ = {isa = PBXFileReference; fileEncoding = 4; lastKnownFileType = file.xib; path = GameViewController.xib; sourceTree = "<group>"; };
		BADFED061452A499002AAF8F /* RulesViewController.h */ = {isa = PBXFileReference; fileEncoding = 4; lastKnownFileType = sourcecode.c.h; path = RulesViewController.h; sourceTree = "<group>"; };
		BADFED071452A49A002AAF8F /* RulesViewController.m */ = {isa = PBXFileReference; fileEncoding = 4; lastKnownFileType = sourcecode.c.objc; path = RulesViewController.m; sourceTree = "<group>"; };
		BADFED081452A49A002AAF8F /* RulesViewController.xib */ = {isa = PBXFileReference; fileEncoding = 4; lastKnownFileType = file.xib; path = RulesViewController.xib; sourceTree = "<group>"; };
/* End PBXFileReference section */

/* Begin PBXFrameworksBuildPhase section */
		BAA9AE1B144B034D0029D4A6 /* Frameworks */ = {
			isa = PBXFrameworksBuildPhase;
			buildActionMask = 2147483647;
			files = (
				BAA9AE23144B034D0029D4A6 /* UIKit.framework in Frameworks */,
				BAA9AE25144B034D0029D4A6 /* Foundation.framework in Frameworks */,
				BAA9AE27144B034D0029D4A6 /* CoreGraphics.framework in Frameworks */,
				BAA9AE29144B034D0029D4A6 /* CoreData.framework in Frameworks */,
			);
			runOnlyForDeploymentPostprocessing = 0;
		};
/* End PBXFrameworksBuildPhase section */

/* Begin PBXGroup section */
		BAA9AE13144B034D0029D4A6 = {
			isa = PBXGroup;
			children = (
				BAA9AE41144B03C60029D4A6 /* images */,
				BAA9AE2A144B034D0029D4A6 /* Dots And Boxes */,
				BAA9AE21144B034D0029D4A6 /* Frameworks */,
				BAA9AE1F144B034D0029D4A6 /* Products */,
			);
			sourceTree = "<group>";
		};
		BAA9AE1F144B034D0029D4A6 /* Products */ = {
			isa = PBXGroup;
			children = (
				BAA9AE1E144B034D0029D4A6 /* Dots And Boxes.app */,
			);
			name = Products;
			sourceTree = "<group>";
		};
		BAA9AE21144B034D0029D4A6 /* Frameworks */ = {
			isa = PBXGroup;
			children = (
				BAA9AE22144B034D0029D4A6 /* UIKit.framework */,
				BAA9AE24144B034D0029D4A6 /* Foundation.framework */,
				BAA9AE26144B034D0029D4A6 /* CoreGraphics.framework */,
				BAA9AE28144B034D0029D4A6 /* CoreData.framework */,
			);
			name = Frameworks;
			sourceTree = "<group>";
		};
		BAA9AE2A144B034D0029D4A6 /* Dots And Boxes */ = {
			isa = PBXGroup;
			children = (
				BAD48F8F145404EF00931695 /* Classes */,
				BAA9AE33144B034D0029D4A6 /* Dots_And_BoxesAppDelegate.h */,
				BAA9AE34144B034D0029D4A6 /* Dots_And_BoxesAppDelegate.m */,
				BAA9AE36144B034E0029D4A6 /* MainWindow.xib */,
				BAA9AE39144B034E0029D4A6 /* Dots_And_Boxes.xcdatamodeld */,
				BAA9AE2B144B034D0029D4A6 /* Supporting Files */,
				BADFED0C1452AD36002AAF8F /* Controllers */,
			);
			path = "Dots And Boxes";
			sourceTree = "<group>";
		};
		BAA9AE2B144B034D0029D4A6 /* Supporting Files */ = {
			isa = PBXGroup;
			children = (
				BAA9AE2C144B034D0029D4A6 /* Dots And Boxes-Info.plist */,
				BAA9AE2D144B034D0029D4A6 /* InfoPlist.strings */,
				BAA9AE30144B034D0029D4A6 /* Dots And Boxes-Prefix.pch */,
				BAA9AE31144B034D0029D4A6 /* main.m */,
			);
			name = "Supporting Files";
			sourceTree = "<group>";
		};
		BAA9AE41144B03C60029D4A6 /* images */ = {
			isa = PBXGroup;
			children = (
				BA1C18301452CB200045BA23 /* Line.png */,
				BAC1B2FC145432640085E9C1 /* Dot.png */,
			);
			name = images;
			sourceTree = "<group>";
		};
		BAD48F8F145404EF00931695 /* Classes */ = {
			isa = PBXGroup;
			children = (
				BAD48F911454051500931695 /* Player.h */,
				BAD48F921454051500931695 /* Player.m */,
				BAD48F941454055400931695 /* ComputerEasy.h */,
				BAD48F951454055400931695 /* ComputerEasy.m */,
				BAD48F97145405D200931695 /* Game.h */,
				BAD48F98145405D200931695 /* Game.m */,
			);
			name = Classes;
			sourceTree = "<group>";
		};
		BADFED0C1452AD36002AAF8F /* Controllers */ = {
			isa = PBXGroup;
			children = (
				BAA9AE52144B0C3C0029D4A6 /* RootViewController.h */,
				BAA9AE53144B0C3C0029D4A6 /* RootViewController.m */,
				BAA9AE54144B0C3C0029D4A6 /* RootViewController.xib */,
				BADFECFB1452A0FC002AAF8F /* OnePlayerViewController.h */,
				BADFECFC1452A0FC002AAF8F /* OnePlayerViewController.m */,
				BADFECFD1452A0FC002AAF8F /* OnePlayerViewController.xib */,
				BADFED011452A357002AAF8F /* GameViewController.h */,
				BADFED021452A357002AAF8F /* GameViewController.m */,
				BADFED031452A357002AAF8F /* GameViewController.xib */,
				BADFED061452A499002AAF8F /* RulesViewController.h */,
				BADFED071452A49A002AAF8F /* RulesViewController.m */,
				BADFED081452A49A002AAF8F /* RulesViewController.xib */,
			);
			name = Controllers;
			sourceTree = "<group>";
		};
/* End PBXGroup section */

/* Begin PBXNativeTarget section */
		BAA9AE1D144B034D0029D4A6 /* Dots And Boxes */ = {
			isa = PBXNativeTarget;
			buildConfigurationList = BAA9AE3E144B034E0029D4A6 /* Build configuration list for PBXNativeTarget "Dots And Boxes" */;
			buildPhases = (
				BAA9AE1A144B034D0029D4A6 /* Sources */,
				BAA9AE1B144B034D0029D4A6 /* Frameworks */,
				BAA9AE1C144B034D0029D4A6 /* Resources */,
			);
			buildRules = (
			);
			dependencies = (
			);
			name = "Dots And Boxes";
			productName = "Dots And Boxes";
			productReference = BAA9AE1E144B034D0029D4A6 /* Dots And Boxes.app */;
			productType = "com.apple.product-type.application";
		};
/* End PBXNativeTarget section */

/* Begin PBXProject section */
		BAA9AE15144B034D0029D4A6 /* Project object */ = {
			isa = PBXProject;
			buildConfigurationList = BAA9AE18144B034D0029D4A6 /* Build configuration list for PBXProject "Dots And Boxes" */;
			compatibilityVersion = "Xcode 3.2";
			developmentRegion = English;
			hasScannedForEncodings = 0;
			knownRegions = (
				en,
			);
			mainGroup = BAA9AE13144B034D0029D4A6;
			productRefGroup = BAA9AE1F144B034D0029D4A6 /* Products */;
			projectDirPath = "";
			projectRoot = "";
			targets = (
				BAA9AE1D144B034D0029D4A6 /* Dots And Boxes */,
			);
		};
/* End PBXProject section */

/* Begin PBXResourcesBuildPhase section */
		BAA9AE1C144B034D0029D4A6 /* Resources */ = {
			isa = PBXResourcesBuildPhase;
			buildActionMask = 2147483647;
			files = (
				BAA9AE2F144B034D0029D4A6 /* InfoPlist.strings in Resources */,
				BAA9AE38144B034E0029D4A6 /* MainWindow.xib in Resources */,
				BAA9AE56144B0C3C0029D4A6 /* RootViewController.xib in Resources */,
				BADFECFF1452A0FC002AAF8F /* OnePlayerViewController.xib in Resources */,
				BADFED051452A357002AAF8F /* GameViewController.xib in Resources */,
				BADFED0A1452A49A002AAF8F /* RulesViewController.xib in Resources */,
				BA1C18311452CB200045BA23 /* Line.png in Resources */,
				BAC1B2FD145432640085E9C1 /* Dot.png in Resources */,
			);
			runOnlyForDeploymentPostprocessing = 0;
		};
/* End PBXResourcesBuildPhase section */

/* Begin PBXSourcesBuildPhase section */
		BAA9AE1A144B034D0029D4A6 /* Sources */ = {
			isa = PBXSourcesBuildPhase;
			buildActionMask = 2147483647;
			files = (
				BAA9AE32144B034D0029D4A6 /* main.m in Sources */,
				BAA9AE35144B034D0029D4A6 /* Dots_And_BoxesAppDelegate.m in Sources */,
				BAA9AE3B144B034E0029D4A6 /* Dots_And_Boxes.xcdatamodeld in Sources */,
				BAA9AE55144B0C3C0029D4A6 /* RootViewController.m in Sources */,
				BADFECFE1452A0FC002AAF8F /* OnePlayerViewController.m in Sources */,
				BADFED041452A357002AAF8F /* GameViewController.m in Sources */,
				BADFED091452A49A002AAF8F /* RulesViewController.m in Sources */,
				BAD48F931454051500931695 /* Player.m in Sources */,
				BAD48F961454055400931695 /* ComputerEasy.m in Sources */,
				BAD48F99145405D200931695 /* Game.m in Sources */,
			);
			runOnlyForDeploymentPostprocessing = 0;
		};
/* End PBXSourcesBuildPhase section */

/* Begin PBXVariantGroup section */
		BAA9AE2D144B034D0029D4A6 /* InfoPlist.strings */ = {
			isa = PBXVariantGroup;
			children = (
				BAA9AE2E144B034D0029D4A6 /* en */,
			);
			name = InfoPlist.strings;
			sourceTree = "<group>";
		};
		BAA9AE36144B034E0029D4A6 /* MainWindow.xib */ = {
			isa = PBXVariantGroup;
			children = (
				BAA9AE37144B034E0029D4A6 /* en */,
			);
			name = MainWindow.xib;
			sourceTree = "<group>";
		};
/* End PBXVariantGroup section */

/* Begin XCBuildConfiguration section */
		BAA9AE3C144B034E0029D4A6 /* Debug */ = {
			isa = XCBuildConfiguration;
			buildSettings = {
				ARCHS = "$(ARCHS_STANDARD_32_BIT)";
				"CODE_SIGN_IDENTITY[sdk=iphoneos*]" = "iPhone Developer";
				GCC_C_LANGUAGE_STANDARD = gnu99;
				GCC_OPTIMIZATION_LEVEL = 0;
				GCC_PREPROCESSOR_DEFINITIONS = DEBUG;
				GCC_SYMBOLS_PRIVATE_EXTERN = NO;
				GCC_VERSION = com.apple.compilers.llvmgcc42;
				GCC_WARN_ABOUT_RETURN_TYPE = YES;
				GCC_WARN_UNUSED_VARIABLE = YES;
				IPHONEOS_DEPLOYMENT_TARGET = 4.0;
				SDKROOT = iphoneos;
			};
			name = Debug;
		};
		BAA9AE3D144B034E0029D4A6 /* Release */ = {
			isa = XCBuildConfiguration;
			buildSettings = {
				ARCHS = "$(ARCHS_STANDARD_32_BIT)";
				"CODE_SIGN_IDENTITY[sdk=iphoneos*]" = "iPhone Developer";
				GCC_C_LANGUAGE_STANDARD = gnu99;
				GCC_VERSION = com.apple.compilers.llvmgcc42;
				GCC_WARN_ABOUT_RETURN_TYPE = YES;
				GCC_WARN_UNUSED_VARIABLE = YES;
				IPHONEOS_DEPLOYMENT_TARGET = 4.0;
				OTHER_CFLAGS = "-DNS_BLOCK_ASSERTIONS=1";
				SDKROOT = iphoneos;
			};
			name = Release;
		};
		BAA9AE3F144B034E0029D4A6 /* Debug */ = {
			isa = XCBuildConfiguration;
			buildSettings = {
				ALWAYS_SEARCH_USER_PATHS = NO;
				COPY_PHASE_STRIP = NO;
				GCC_DYNAMIC_NO_PIC = NO;
				GCC_PRECOMPILE_PREFIX_HEADER = YES;
				GCC_PREFIX_HEADER = "Dots And Boxes/Dots And Boxes-Prefix.pch";
				INFOPLIST_FILE = "Dots And Boxes/Dots And Boxes-Info.plist";
				PRODUCT_NAME = "$(TARGET_NAME)";
				SDKROOT = iphoneos4.3;
				WRAPPER_EXTENSION = app;
			};
			name = Debug;
		};
		BAA9AE40144B034E0029D4A6 /* Release */ = {
			isa = XCBuildConfiguration;
			buildSettings = {
				ALWAYS_SEARCH_USER_PATHS = NO;
				COPY_PHASE_STRIP = YES;
				GCC_PRECOMPILE_PREFIX_HEADER = YES;
				GCC_PREFIX_HEADER = "Dots And Boxes/Dots And Boxes-Prefix.pch";
				INFOPLIST_FILE = "Dots And Boxes/Dots And Boxes-Info.plist";
				PRODUCT_NAME = "$(TARGET_NAME)";
				SDKROOT = iphoneos4.3;
				VALIDATE_PRODUCT = YES;
				WRAPPER_EXTENSION = app;
			};
			name = Release;
		};
/* End XCBuildConfiguration section */

/* Begin XCConfigurationList section */
		BAA9AE18144B034D0029D4A6 /* Build configuration list for PBXProject "Dots And Boxes" */ = {
			isa = XCConfigurationList;
			buildConfigurations = (
				BAA9AE3C144B034E0029D4A6 /* Debug */,
				BAA9AE3D144B034E0029D4A6 /* Release */,
			);
			defaultConfigurationIsVisible = 0;
			defaultConfigurationName = Release;
		};
		BAA9AE3E144B034E0029D4A6 /* Build configuration list for PBXNativeTarget "Dots And Boxes" */ = {
			isa = XCConfigurationList;
			buildConfigurations = (
				BAA9AE3F144B034E0029D4A6 /* Debug */,
				BAA9AE40144B034E0029D4A6 /* Release */,
			);
			defaultConfigurationIsVisible = 0;
			defaultConfigurationName = Release;
		};
/* End XCConfigurationList section */

/* Begin XCVersionGroup section */
		BAA9AE39144B034E0029D4A6 /* Dots_And_Boxes.xcdatamodeld */ = {
			isa = XCVersionGroup;
			children = (
				BAA9AE3A144B034E0029D4A6 /* Dots_And_Boxes.xcdatamodel */,
			);
			currentVersion = BAA9AE3A144B034E0029D4A6 /* Dots_And_Boxes.xcdatamodel */;
			path = Dots_And_Boxes.xcdatamodeld;
			sourceTree = "<group>";
			versionGroupType = wrapper.xcdatamodel;
		};
/* End XCVersionGroup section */
	};
	rootObject = BAA9AE15144B034D0029D4A6 /* Project object */;
}
