// !$*UTF8*$!
{
	archiveVersion = 1;
	classes = {
	};
	objectVersion = 46;
	objects = {

/* Begin PBXBuildFile section */
		BA0942A314D93884003E0CD6 /* RootViewController-iPad.xib in Resources */ = {isa = PBXBuildFile; fileRef = BA0942A214D93884003E0CD6 /* RootViewController-iPad.xib */; };
		BA0942AF14D93A16003E0CD6 /* MainWindow-iPad.xib in Resources */ = {isa = PBXBuildFile; fileRef = BA0942AE14D93A16003E0CD6 /* MainWindow-iPad.xib */; };
		BA0942B914D93DAC003E0CD6 /* OnePlayerViewController-iPad.xib in Resources */ = {isa = PBXBuildFile; fileRef = BA0942B814D93DAC003E0CD6 /* OnePlayerViewController-iPad.xib */; };
		BA0942BC14D93F86003E0CD6 /* TwoPlayersViewController.m in Sources */ = {isa = PBXBuildFile; fileRef = BA0942BB14D93F86003E0CD6 /* TwoPlayersViewController.m */; };
		BA0942BE14D94220003E0CD6 /* TwoPlayersViewController-iPad.xib in Resources */ = {isa = PBXBuildFile; fileRef = BA0942BD14D94220003E0CD6 /* TwoPlayersViewController-iPad.xib */; };
		BA0942C014D962CF003E0CD6 /* GameViewController-iPad.xib in Resources */ = {isa = PBXBuildFile; fileRef = BA0942BF14D962CC003E0CD6 /* GameViewController-iPad.xib */; };
		BA0942C214D98304003E0CD6 /* iAd.framework in Frameworks */ = {isa = PBXBuildFile; fileRef = BA0942C114D98302003E0CD6 /* iAd.framework */; };
		BA0C2C3214C417C100CEFFBA /* Box.m in Sources */ = {isa = PBXBuildFile; fileRef = BA0C2C3114C417C100CEFFBA /* Box.m */; };
		BA1C18311452CB200045BA23 /* blueHorizontalLine.png in Resources */ = {isa = PBXBuildFile; fileRef = BA1C18301452CB200045BA23 /* blueHorizontalLine.png */; };
		BA6A8243146EFBA40002B579 /* redHorizontalLine.png in Resources */ = {isa = PBXBuildFile; fileRef = BA6A8242146EFBA40002B579 /* redHorizontalLine.png */; };
		BA6A8245146EFD200002B579 /* redBox.png in Resources */ = {isa = PBXBuildFile; fileRef = BA6A8244146EFD200002B579 /* redBox.png */; };
		BA787E2114CEF34300BD47B2 /* FieldService.m in Sources */ = {isa = PBXBuildFile; fileRef = BA787E2014CEF34300BD47B2 /* FieldService.m */; };
		BAA9AE23144B034D0029D4A6 /* UIKit.framework in Frameworks */ = {isa = PBXBuildFile; fileRef = BAA9AE22144B034D0029D4A6 /* UIKit.framework */; };
		BAA9AE25144B034D0029D4A6 /* Foundation.framework in Frameworks */ = {isa = PBXBuildFile; fileRef = BAA9AE24144B034D0029D4A6 /* Foundation.framework */; };
		BAA9AE27144B034D0029D4A6 /* CoreGraphics.framework in Frameworks */ = {isa = PBXBuildFile; fileRef = BAA9AE26144B034D0029D4A6 /* CoreGraphics.framework */; };
		BAA9AE29144B034D0029D4A6 /* CoreData.framework in Frameworks */ = {isa = PBXBuildFile; fileRef = BAA9AE28144B034D0029D4A6 /* CoreData.framework */; };
		BAA9AE2F144B034D0029D4A6 /* InfoPlist.strings in Resources */ = {isa = PBXBuildFile; fileRef = BAA9AE2D144B034D0029D4A6 /* InfoPlist.strings */; };
		BAA9AE32144B034D0029D4A6 /* main.m in Sources */ = {isa = PBXBuildFile; fileRef = BAA9AE31144B034D0029D4A6 /* main.m */; };
		BAA9AE35144B034D0029D4A6 /* Dots_And_BoxesAppDelegate.m in Sources */ = {isa = PBXBuildFile; fileRef = BAA9AE34144B034D0029D4A6 /* Dots_And_BoxesAppDelegate.m */; };
		BAA9AE38144B034E0029D4A6 /* MainWindow.xib in Resources */ = {isa = PBXBuildFile; fileRef = BAA9AE36144B034E0029D4A6 /* MainWindow.xib */; };
		BAA9AE3B144B034E0029D4A6 /* Dots_And_Boxes.xcdatamodeld in Sources */ = {isa = PBXBuildFile; fileRef = BAA9AE39144B034E0029D4A6 /* Dots_And_Boxes.xcdatamodeld */; };
		BAA9AE55144B0C3C0029D4A6 /* RootViewController.m in Sources */ = {isa = PBXBuildFile; fileRef = BAA9AE53144B0C3C0029D4A6 /* RootViewController.m */; };
		BAA9AE56144B0C3C0029D4A6 /* RootViewController.xib in Resources */ = {isa = PBXBuildFile; fileRef = BAA9AE54144B0C3C0029D4A6 /* RootViewController.xib */; };
		BAAE474414B23FDE002F5E7C /* ChooseFieldController.m in Sources */ = {isa = PBXBuildFile; fileRef = BAAE474214B23FDD002F5E7C /* ChooseFieldController.m */; };
		BAAE474514B23FDE002F5E7C /* ChooseFieldController.xib in Resources */ = {isa = PBXBuildFile; fileRef = BAAE474314B23FDD002F5E7C /* ChooseFieldController.xib */; };
		BAB17D6C149E19E5000991E6 /* ChooseComputerController.m in Sources */ = {isa = PBXBuildFile; fileRef = BAB17D6A149E19E5000991E6 /* ChooseComputerController.m */; };
		BAB17D6D149E19E5000991E6 /* ChooseComputerController.xib in Resources */ = {isa = PBXBuildFile; fileRef = BAB17D6B149E19E5000991E6 /* ChooseComputerController.xib */; };
		BABD940B145D32CF008CF800 /* TwoPlayersViewController.xib in Resources */ = {isa = PBXBuildFile; fileRef = BABD9409145D32CF008CF800 /* TwoPlayersViewController.xib */; };
		BABD940E145D7A40008CF800 /* BlueBox.png in Resources */ = {isa = PBXBuildFile; fileRef = BABD940D145D7A40008CF800 /* BlueBox.png */; };
		BAC1B2FD145432640085E9C1 /* Dot.png in Resources */ = {isa = PBXBuildFile; fileRef = BAC1B2FC145432640085E9C1 /* Dot.png */; };
		BAC209C6145C414400C3DC7F /* LineButton.m in Sources */ = {isa = PBXBuildFile; fileRef = BAC209C5145C414400C3DC7F /* LineButton.m */; };
		BAC209CA145C50AB00C3DC7F /* Coordinate.m in Sources */ = {isa = PBXBuildFile; fileRef = BAC209C9145C50AB00C3DC7F /* Coordinate.m */; };
		BAC4BE1114B9D89800463F36 /* ComputerMedium.m in Sources */ = {isa = PBXBuildFile; fileRef = BAC4BE1014B9D89800463F36 /* ComputerMedium.m */; };
		BAD48F931454051500931695 /* Player.m in Sources */ = {isa = PBXBuildFile; fileRef = BAD48F921454051500931695 /* Player.m */; };
		BAD48F961454055400931695 /* ComputerEasy.m in Sources */ = {isa = PBXBuildFile; fileRef = BAD48F951454055400931695 /* ComputerEasy.m */; };
		BAD48F99145405D200931695 /* Game.m in Sources */ = {isa = PBXBuildFile; fileRef = BAD48F98145405D200931695 /* Game.m */; };
		BADFECFE1452A0FC002AAF8F /* OnePlayerViewController.m in Sources */ = {isa = PBXBuildFile; fileRef = BADFECFC1452A0FC002AAF8F /* OnePlayerViewController.m */; };
		BADFECFF1452A0FC002AAF8F /* OnePlayerViewController.xib in Resources */ = {isa = PBXBuildFile; fileRef = BADFECFD1452A0FC002AAF8F /* OnePlayerViewController.xib */; };
		BADFED041452A357002AAF8F /* GameViewController.m in Sources */ = {isa = PBXBuildFile; fileRef = BADFED021452A357002AAF8F /* GameViewController.m */; };
		BADFED051452A357002AAF8F /* GameViewController.xib in Resources */ = {isa = PBXBuildFile; fileRef = BADFED031452A357002AAF8F /* GameViewController.xib */; };
/* End PBXBuildFile section */

/* Begin PBXFileReference section */
		BA0942A214D93884003E0CD6 /* RootViewController-iPad.xib */ = {isa = PBXFileReference; fileEncoding = 4; lastKnownFileType = file.xib; path = "RootViewController-iPad.xib"; sourceTree = "<group>"; };
		BA0942AE14D93A16003E0CD6 /* MainWindow-iPad.xib */ = {isa = PBXFileReference; fileEncoding = 4; lastKnownFileType = file.xib; name = "MainWindow-iPad.xib"; path = "../MainWindow-iPad.xib"; sourceTree = "<group>"; };
		BA0942B814D93DAC003E0CD6 /* OnePlayerViewController-iPad.xib */ = {isa = PBXFileReference; fileEncoding = 4; lastKnownFileType = file.xib; path = "OnePlayerViewController-iPad.xib"; sourceTree = "<group>"; };
		BA0942BA14D93F85003E0CD6 /* TwoPlayersViewController.h */ = {isa = PBXFileReference; fileEncoding = 4; lastKnownFileType = sourcecode.c.h; path = TwoPlayersViewController.h; sourceTree = "<group>"; };
		BA0942BB14D93F86003E0CD6 /* TwoPlayersViewController.m */ = {isa = PBXFileReference; fileEncoding = 4; lastKnownFileType = sourcecode.c.objc; path = TwoPlayersViewController.m; sourceTree = "<group>"; };
		BA0942BD14D94220003E0CD6 /* TwoPlayersViewController-iPad.xib */ = {isa = PBXFileReference; fileEncoding = 4; lastKnownFileType = file.xib; path = "TwoPlayersViewController-iPad.xib"; sourceTree = "<group>"; };
		BA0942BF14D962CC003E0CD6 /* GameViewController-iPad.xib */ = {isa = PBXFileReference; fileEncoding = 4; lastKnownFileType = file.xib; path = "GameViewController-iPad.xib"; sourceTree = "<group>"; };
		BA0942C114D98302003E0CD6 /* iAd.framework */ = {isa = PBXFileReference; lastKnownFileType = wrapper.framework; name = iAd.framework; path = System/Library/Frameworks/iAd.framework; sourceTree = SDKROOT; };
		BA0C2C3014C417C100CEFFBA /* Box.h */ = {isa = PBXFileReference; fileEncoding = 4; lastKnownFileType = sourcecode.c.h; path = Box.h; sourceTree = "<group>"; };
		BA0C2C3114C417C100CEFFBA /* Box.m */ = {isa = PBXFileReference; fileEncoding = 4; lastKnownFileType = sourcecode.c.objc; path = Box.m; sourceTree = "<group>"; };
		BA1C18301452CB200045BA23 /* blueHorizontalLine.png */ = {isa = PBXFileReference; lastKnownFileType = image.png; path = blueHorizontalLine.png; sourceTree = "<group>"; };
		BA6A8242146EFBA40002B579 /* redHorizontalLine.png */ = {isa = PBXFileReference; lastKnownFileType = image.png; path = redHorizontalLine.png; sourceTree = "<group>"; };
		BA6A8244146EFD200002B579 /* redBox.png */ = {isa = PBXFileReference; lastKnownFileType = image.png; path = redBox.png; sourceTree = "<group>"; };
		BA787E1F14CEF34300BD47B2 /* FieldService.h */ = {isa = PBXFileReference; fileEncoding = 4; lastKnownFileType = sourcecode.c.h; path = FieldService.h; sourceTree = "<group>"; };
		BA787E2014CEF34300BD47B2 /* FieldService.m */ = {isa = PBXFileReference; fileEncoding = 4; lastKnownFileType = sourcecode.c.objc; path = FieldService.m; sourceTree = "<group>"; };
		BAA9AE1E144B034D0029D4A6 /* Dots And Boxes.app */ = {isa = PBXFileReference; explicitFileType = wrapper.application; includeInIndex = 0; path = "Dots And Boxes.app"; sourceTree = BUILT_PRODUCTS_DIR; };
		BAA9AE22144B034D0029D4A6 /* UIKit.framework */ = {isa = PBXFileReference; lastKnownFileType = wrapper.framework; name = UIKit.framework; path = System/Library/Frameworks/UIKit.framework; sourceTree = SDKROOT; };
		BAA9AE24144B034D0029D4A6 /* Foundation.framework */ = {isa = PBXFileReference; lastKnownFileType = wrapper.framework; name = Foundation.framework; path = System/Library/Frameworks/Foundation.framework; sourceTree = SDKROOT; };
		BAA9AE26144B034D0029D4A6 /* CoreGraphics.framework */ = {isa = PBXFileReference; lastKnownFileType = wrapper.framework; name = CoreGraphics.framework; path = System/Library/Frameworks/CoreGraphics.framework; sourceTree = SDKROOT; };
		BAA9AE28144B034D0029D4A6 /* CoreData.framework */ = {isa = PBXFileReference; lastKnownFileType = wrapper.framework; name = CoreData.framework; path = System/Library/Frameworks/CoreData.framework; sourceTree = SDKROOT; };
		BAA9AE2C144B034D0029D4A6 /* Dots And Boxes-Info.plist */ = {isa = PBXFileReference; lastKnownFileType = text.plist.xml; path = "Dots And Boxes-Info.plist"; sourceTree = "<group>"; };
		BAA9AE2E144B034D0029D4A6 /* en */ = {isa = PBXFileReference; lastKnownFileType = text.plist.strings; name = en; path = en.lproj/InfoPlist.strings; sourceTree = "<group>"; };
		BAA9AE30144B034D0029D4A6 /* Dots And Boxes-Prefix.pch */ = {isa = PBXFileReference; lastKnownFileType = sourcecode.c.h; path = "Dots And Boxes-Prefix.pch"; sourceTree = "<group>"; };
		BAA9AE31144B034D0029D4A6 /* main.m */ = {isa = PBXFileReference; lastKnownFileType = sourcecode.c.objc; path = main.m; sourceTree = "<group>"; };
		BAA9AE33144B034D0029D4A6 /* Dots_And_BoxesAppDelegate.h */ = {isa = PBXFileReference; lastKnownFileType = sourcecode.c.h; path = Dots_And_BoxesAppDelegate.h; sourceTree = "<group>"; };
		BAA9AE34144B034D0029D4A6 /* Dots_And_BoxesAppDelegate.m */ = {isa = PBXFileReference; lastKnownFileType = sourcecode.c.objc; path = Dots_And_BoxesAppDelegate.m; sourceTree = "<group>"; };
		BAA9AE37144B034E0029D4A6 /* en */ = {isa = PBXFileReference; lastKnownFileType = file.xib; name = en; path = en.lproj/MainWindow.xib; sourceTree = "<group>"; };
		BAA9AE3A144B034E0029D4A6 /* Dots_And_Boxes.xcdatamodel */ = {isa = PBXFileReference; lastKnownFileType = wrapper.xcdatamodel; path = Dots_And_Boxes.xcdatamodel; sourceTree = "<group>"; };
		BAA9AE52144B0C3C0029D4A6 /* RootViewController.h */ = {isa = PBXFileReference; fileEncoding = 4; lastKnownFileType = sourcecode.c.h; name = RootViewController.h; path = "Dots And Boxes.xcodeproj/RootViewController.h"; sourceTree = SOURCE_ROOT; };
		BAA9AE53144B0C3C0029D4A6 /* RootViewController.m */ = {isa = PBXFileReference; fileEncoding = 4; lastKnownFileType = sourcecode.c.objc; name = RootViewController.m; path = "Dots And Boxes.xcodeproj/RootViewController.m"; sourceTree = SOURCE_ROOT; };
		BAA9AE54144B0C3C0029D4A6 /* RootViewController.xib */ = {isa = PBXFileReference; fileEncoding = 4; lastKnownFileType = file.xib; name = RootViewController.xib; path = "Dots And Boxes.xcodeproj/RootViewController.xib"; sourceTree = SOURCE_ROOT; };
		BAAE474114B23FDA002F5E7C /* ChooseFieldController.h */ = {isa = PBXFileReference; fileEncoding = 4; lastKnownFileType = sourcecode.c.h; path = ChooseFieldController.h; sourceTree = "<group>"; };
		BAAE474214B23FDD002F5E7C /* ChooseFieldController.m */ = {isa = PBXFileReference; fileEncoding = 4; lastKnownFileType = sourcecode.c.objc; path = ChooseFieldController.m; sourceTree = "<group>"; };
		BAAE474314B23FDD002F5E7C /* ChooseFieldController.xib */ = {isa = PBXFileReference; fileEncoding = 4; lastKnownFileType = file.xib; path = ChooseFieldController.xib; sourceTree = "<group>"; };
		BAB17D69149E19E5000991E6 /* ChooseComputerController.h */ = {isa = PBXFileReference; fileEncoding = 4; lastKnownFileType = sourcecode.c.h; path = ChooseComputerController.h; sourceTree = "<group>"; };
		BAB17D6A149E19E5000991E6 /* ChooseComputerController.m */ = {isa = PBXFileReference; fileEncoding = 4; lastKnownFileType = sourcecode.c.objc; path = ChooseComputerController.m; sourceTree = "<group>"; };
		BAB17D6B149E19E5000991E6 /* ChooseComputerController.xib */ = {isa = PBXFileReference; fileEncoding = 4; lastKnownFileType = file.xib; path = ChooseComputerController.xib; sourceTree = "<group>"; };
		BABD9409145D32CF008CF800 /* TwoPlayersViewController.xib */ = {isa = PBXFileReference; fileEncoding = 4; lastKnownFileType = file.xib; path = TwoPlayersViewController.xib; sourceTree = "<group>"; };
		BABD940D145D7A40008CF800 /* BlueBox.png */ = {isa = PBXFileReference; lastKnownFileType = image.png; path = BlueBox.png; sourceTree = "<group>"; };
		BAC1B2FC145432640085E9C1 /* Dot.png */ = {isa = PBXFileReference; lastKnownFileType = image.png; path = Dot.png; sourceTree = "<group>"; };
		BAC209C4145C414400C3DC7F /* LineButton.h */ = {isa = PBXFileReference; fileEncoding = 4; lastKnownFileType = sourcecode.c.h; path = LineButton.h; sourceTree = "<group>"; };
		BAC209C5145C414400C3DC7F /* LineButton.m */ = {isa = PBXFileReference; fileEncoding = 4; lastKnownFileType = sourcecode.c.objc; path = LineButton.m; sourceTree = "<group>"; };
		BAC209C8145C50AB00C3DC7F /* Coordinate.h */ = {isa = PBXFileReference; fileEncoding = 4; lastKnownFileType = sourcecode.c.h; path = Coordinate.h; sourceTree = "<group>"; };
		BAC209C9145C50AB00C3DC7F /* Coordinate.m */ = {isa = PBXFileReference; fileEncoding = 4; lastKnownFileType = sourcecode.c.objc; path = Coordinate.m; sourceTree = "<group>"; };
		BAC4BE0F14B9D89800463F36 /* ComputerMedium.h */ = {isa = PBXFileReference; fileEncoding = 4; lastKnownFileType = sourcecode.c.h; path = ComputerMedium.h; sourceTree = "<group>"; };
		BAC4BE1014B9D89800463F36 /* ComputerMedium.m */ = {isa = PBXFileReference; fileEncoding = 4; lastKnownFileType = sourcecode.c.objc; path = ComputerMedium.m; sourceTree = "<group>"; };
		BAD48F911454051500931695 /* Player.h */ = {isa = PBXFileReference; fileEncoding = 4; lastKnownFileType = sourcecode.c.h; path = Player.h; sourceTree = "<group>"; };
		BAD48F921454051500931695 /* Player.m */ = {isa = PBXFileReference; fileEncoding = 4; lastKnownFileType = sourcecode.c.objc; path = Player.m; sourceTree = "<group>"; };
		BAD48F941454055400931695 /* ComputerEasy.h */ = {isa = PBXFileReference; fileEncoding = 4; lastKnownFileType = sourcecode.c.h; path = ComputerEasy.h; sourceTree = "<group>"; };
		BAD48F951454055400931695 /* ComputerEasy.m */ = {isa = PBXFileReference; fileEncoding = 4; lastKnownFileType = sourcecode.c.objc; path = ComputerEasy.m; sourceTree = "<group>"; };
		BAD48F97145405D200931695 /* Game.h */ = {isa = PBXFileReference; fileEncoding = 4; lastKnownFileType = sourcecode.c.h; path = Game.h; sourceTree = "<group>"; };
		BAD48F98145405D200931695 /* Game.m */ = {isa = PBXFileReference; fileEncoding = 4; lastKnownFileType = sourcecode.c.objc; path = Game.m; sourceTree = "<group>"; };
		BADFECFB1452A0FC002AAF8F /* OnePlayerViewController.h */ = {isa = PBXFileReference; fileEncoding = 4; lastKnownFileType = sourcecode.c.h; name = OnePlayerViewController.h; path = ../OnePlayerViewController.h; sourceTree = "<group>"; };
		BADFECFC1452A0FC002AAF8F /* OnePlayerViewController.m */ = {isa = PBXFileReference; fileEncoding = 4; lastKnownFileType = sourcecode.c.objc; name = OnePlayerViewController.m; path = ../OnePlayerViewController.m; sourceTree = "<group>"; };
		BADFECFD1452A0FC002AAF8F /* OnePlayerViewController.xib */ = {isa = PBXFileReference; fileEncoding = 4; lastKnownFileType = file.xib; name = OnePlayerViewController.xib; path = ../OnePlayerViewController.xib; sourceTree = "<group>"; };
		BADFED011452A357002AAF8F /* GameViewController.h */ = {isa = PBXFileReference; fileEncoding = 4; lastKnownFileType = sourcecode.c.h; path = GameViewController.h; sourceTree = "<group>"; };
		BADFED021452A357002AAF8F /* GameViewController.m */ = {isa = PBXFileReference; fileEncoding = 4; lastKnownFileType = sourcecode.c.objc; path = GameViewController.m; sourceTree = "<group>"; };
		BADFED031452A357002AAF8F /* GameViewController.xib */ = {isa = PBXFileReference; fileEncoding = 4; lastKnownFileType = file.xib; path = GameViewController.xib; sourceTree = "<group>"; };
/* End PBXFileReference section */

/* Begin PBXFrameworksBuildPhase section */
		BAA9AE1B144B034D0029D4A6 /* Frameworks */ = {
			isa = PBXFrameworksBuildPhase;
			buildActionMask = 2147483647;
			files = (
				BA0942C214D98304003E0CD6 /* iAd.framework in Frameworks */,
				BAA9AE23144B034D0029D4A6 /* UIKit.framework in Frameworks */,
				BAA9AE25144B034D0029D4A6 /* Foundation.framework in Frameworks */,
				BAA9AE27144B034D0029D4A6 /* CoreGraphics.framework in Frameworks */,
				BAA9AE29144B034D0029D4A6 /* CoreData.framework in Frameworks */,
			);
			runOnlyForDeploymentPostprocessing = 0;
		};
/* End PBXFrameworksBuildPhase section */

/* Begin PBXGroup section */
		BAA9AE13144B034D0029D4A6 = {
			isa = PBXGroup;
			children = (
				BAA9AE41144B03C60029D4A6 /* images */,
				BAA9AE2A144B034D0029D4A6 /* Dots And Boxes */,
				BAA9AE21144B034D0029D4A6 /* Frameworks */,
				BAA9AE1F144B034D0029D4A6 /* Products */,
			);
			sourceTree = "<group>";
		};
		BAA9AE1F144B034D0029D4A6 /* Products */ = {
			isa = PBXGroup;
			children = (
				BAA9AE1E144B034D0029D4A6 /* Dots And Boxes.app */,
			);
			name = Products;
			sourceTree = "<group>";
		};
		BAA9AE21144B034D0029D4A6 /* Frameworks */ = {
			isa = PBXGroup;
			children = (
				BA0942C114D98302003E0CD6 /* iAd.framework */,
				BAA9AE22144B034D0029D4A6 /* UIKit.framework */,
				BAA9AE24144B034D0029D4A6 /* Foundation.framework */,
				BAA9AE26144B034D0029D4A6 /* CoreGraphics.framework */,
				BAA9AE28144B034D0029D4A6 /* CoreData.framework */,
			);
			name = Frameworks;
			sourceTree = "<group>";
		};
		BAA9AE2A144B034D0029D4A6 /* Dots And Boxes */ = {
			isa = PBXGroup;
			children = (
				BAD48F8F145404EF00931695 /* Classes */,
				BAA9AE33144B034D0029D4A6 /* Dots_And_BoxesAppDelegate.h */,
				BAA9AE34144B034D0029D4A6 /* Dots_And_BoxesAppDelegate.m */,
				BAA9AE36144B034E0029D4A6 /* MainWindow.xib */,
				BA0942AE14D93A16003E0CD6 /* MainWindow-iPad.xib */,
				BAA9AE39144B034E0029D4A6 /* Dots_And_Boxes.xcdatamodeld */,
				BAA9AE2B144B034D0029D4A6 /* Supporting Files */,
				BADFED0C1452AD36002AAF8F /* Controllers */,
			);
			path = "Dots And Boxes";
			sourceTree = "<group>";
		};
		BAA9AE2B144B034D0029D4A6 /* Supporting Files */ = {
			isa = PBXGroup;
			children = (
				BAA9AE2C144B034D0029D4A6 /* Dots And Boxes-Info.plist */,
				BAA9AE2D144B034D0029D4A6 /* InfoPlist.strings */,
				BAA9AE30144B034D0029D4A6 /* Dots And Boxes-Prefix.pch */,
				BAA9AE31144B034D0029D4A6 /* main.m */,
			);
			name = "Supporting Files";
			sourceTree = "<group>";
		};
		BAA9AE41144B03C60029D4A6 /* images */ = {
			isa = PBXGroup;
			children = (
				BA6A8244146EFD200002B579 /* redBox.png */,
				BA6A8242146EFBA40002B579 /* redHorizontalLine.png */,
				BABD940D145D7A40008CF800 /* BlueBox.png */,
				BA1C18301452CB200045BA23 /* blueHorizontalLine.png */,
				BAC1B2FC145432640085E9C1 /* Dot.png */,
			);
			name = images;
			sourceTree = "<group>";
		};
		BAD48F8F145404EF00931695 /* Classes */ = {
			isa = PBXGroup;
			children = (
				BAD48F911454051500931695 /* Player.h */,
				BAD48F921454051500931695 /* Player.m */,
				BAD48F941454055400931695 /* ComputerEasy.h */,
				BAD48F951454055400931695 /* ComputerEasy.m */,
				BAC4BE0F14B9D89800463F36 /* ComputerMedium.h */,
				BAC4BE1014B9D89800463F36 /* ComputerMedium.m */,
				BAD48F97145405D200931695 /* Game.h */,
				BAD48F98145405D200931695 /* Game.m */,
				BAC209C4145C414400C3DC7F /* LineButton.h */,
				BAC209C5145C414400C3DC7F /* LineButton.m */,
				BAC209C8145C50AB00C3DC7F /* Coordinate.h */,
				BAC209C9145C50AB00C3DC7F /* Coordinate.m */,
				BA0C2C3014C417C100CEFFBA /* Box.h */,
				BA0C2C3114C417C100CEFFBA /* Box.m */,
				BA787E1F14CEF34300BD47B2 /* FieldService.h */,
				BA787E2014CEF34300BD47B2 /* FieldService.m */,
			);
			name = Classes;
			sourceTree = "<group>";
		};
		BADFED0C1452AD36002AAF8F /* Controllers */ = {
			isa = PBXGroup;
			children = (
				BAA9AE52144B0C3C0029D4A6 /* RootViewController.h */,
				BAA9AE53144B0C3C0029D4A6 /* RootViewController.m */,
				BAA9AE54144B0C3C0029D4A6 /* RootViewController.xib */,
				BA0942A214D93884003E0CD6 /* RootViewController-iPad.xib */,
				BADFECFB1452A0FC002AAF8F /* OnePlayerViewController.h */,
				BADFECFC1452A0FC002AAF8F /* OnePlayerViewController.m */,
				BADFECFD1452A0FC002AAF8F /* OnePlayerViewController.xib */,
				BA0942B814D93DAC003E0CD6 /* OnePlayerViewController-iPad.xib */,
				BADFED011452A357002AAF8F /* GameViewController.h */,
				BADFED021452A357002AAF8F /* GameViewController.m */,
				BADFED031452A357002AAF8F /* GameViewController.xib */,
				BA0942BF14D962CC003E0CD6 /* GameViewController-iPad.xib */,
				BA0942BA14D93F85003E0CD6 /* TwoPlayersViewController.h */,
				BA0942BB14D93F86003E0CD6 /* TwoPlayersViewController.m */,
				BABD9409145D32CF008CF800 /* TwoPlayersViewController.xib */,
				BA0942BD14D94220003E0CD6 /* TwoPlayersViewController-iPad.xib */,
				BAB17D69149E19E5000991E6 /* ChooseComputerController.h */,
				BAB17D6A149E19E5000991E6 /* ChooseComputerController.m */,
				BAB17D6B149E19E5000991E6 /* ChooseComputerController.xib */,
				BAAE474114B23FDA002F5E7C /* ChooseFieldController.h */,
				BAAE474214B23FDD002F5E7C /* ChooseFieldController.m */,
				BAAE474314B23FDD002F5E7C /* ChooseFieldController.xib */,
			);
			name = Controllers;
			sourceTree = "<group>";
		};
/* End PBXGroup section */

/* Begin PBXNativeTarget section */
		BAA9AE1D144B034D0029D4A6 /* Dots And Boxes */ = {
			isa = PBXNativeTarget;
			buildConfigurationList = BAA9AE3E144B034E0029D4A6 /* Build configuration list for PBXNativeTarget "Dots And Boxes" */;
			buildPhases = (
				BAA9AE1A144B034D0029D4A6 /* Sources */,
				BAA9AE1B144B034D0029D4A6 /* Frameworks */,
				BAA9AE1C144B034D0029D4A6 /* Resources */,
			);
			buildRules = (
			);
			dependencies = (
			);
			name = "Dots And Boxes";
			productName = "Dots And Boxes";
			productReference = BAA9AE1E144B034D0029D4A6 /* Dots And Boxes.app */;
			productType = "com.apple.product-type.application";
		};
/* End PBXNativeTarget section */

/* Begin PBXProject section */
		BAA9AE15144B034D0029D4A6 /* Project object */ = {
			isa = PBXProject;
			attributes = {
				LastUpgradeCheck = 0420;
			};
			buildConfigurationList = BAA9AE18144B034D0029D4A6 /* Build configuration list for PBXProject "Dots And Boxes" */;
			compatibilityVersion = "Xcode 3.2";
			developmentRegion = English;
			hasScannedForEncodings = 0;
			knownRegions = (
				en,
			);
			mainGroup = BAA9AE13144B034D0029D4A6;
			productRefGroup = BAA9AE1F144B034D0029D4A6 /* Products */;
			projectDirPath = "";
			projectRoot = "";
			targets = (
				BAA9AE1D144B034D0029D4A6 /* Dots And Boxes */,
			);
		};
/* End PBXProject section */

/* Begin PBXResourcesBuildPhase section */
		BAA9AE1C144B034D0029D4A6 /* Resources */ = {
			isa = PBXResourcesBuildPhase;
			buildActionMask = 2147483647;
			files = (
				BAA9AE2F144B034D0029D4A6 /* InfoPlist.strings in Resources */,
				BAA9AE38144B034E0029D4A6 /* MainWindow.xib in Resources */,
				BAA9AE56144B0C3C0029D4A6 /* RootViewController.xib in Resources */,
				BADFECFF1452A0FC002AAF8F /* OnePlayerViewController.xib in Resources */,
				BADFED051452A357002AAF8F /* GameViewController.xib in Resources */,
				BA1C18311452CB200045BA23 /* blueHorizontalLine.png in Resources */,
				BAC1B2FD145432640085E9C1 /* Dot.png in Resources */,
				BABD940B145D32CF008CF800 /* TwoPlayersViewController.xib in Resources */,
				BABD940E145D7A40008CF800 /* BlueBox.png in Resources */,
				BA6A8243146EFBA40002B579 /* redHorizontalLine.png in Resources */,
				BA6A8245146EFD200002B579 /* redBox.png in Resources */,
				BAB17D6D149E19E5000991E6 /* ChooseComputerController.xib in Resources */,
				BAAE474514B23FDE002F5E7C /* ChooseFieldController.xib in Resources */,
				BA0942A314D93884003E0CD6 /* RootViewController-iPad.xib in Resources */,
				BA0942AF14D93A16003E0CD6 /* MainWindow-iPad.xib in Resources */,
				BA0942B914D93DAC003E0CD6 /* OnePlayerViewController-iPad.xib in Resources */,
				BA0942BE14D94220003E0CD6 /* TwoPlayersViewController-iPad.xib in Resources */,
				BA0942C014D962CF003E0CD6 /* GameViewController-iPad.xib in Resources */,
			);
			runOnlyForDeploymentPostprocessing = 0;
		};
/* End PBXResourcesBuildPhase section */

/* Begin PBXSourcesBuildPhase section */
		BAA9AE1A144B034D0029D4A6 /* Sources */ = {
			isa = PBXSourcesBuildPhase;
			buildActionMask = 2147483647;
			files = (
				BAA9AE32144B034D0029D4A6 /* main.m in Sources */,
				BAA9AE35144B034D0029D4A6 /* Dots_And_BoxesAppDelegate.m in Sources */,
				BAA9AE3B144B034E0029D4A6 /* Dots_And_Boxes.xcdatamodeld in Sources */,
				BAA9AE55144B0C3C0029D4A6 /* RootViewController.m in Sources */,
				BADFECFE1452A0FC002AAF8F /* OnePlayerViewController.m in Sources */,
				BADFED041452A357002AAF8F /* GameViewController.m in Sources */,
				BAD48F931454051500931695 /* Player.m in Sources */,
				BAD48F961454055400931695 /* ComputerEasy.m in Sources */,
				BAD48F99145405D200931695 /* Game.m in Sources */,
				BAC209C6145C414400C3DC7F /* LineButton.m in Sources */,
				BAC209CA145C50AB00C3DC7F /* Coordinate.m in Sources */,
				BAB17D6C149E19E5000991E6 /* ChooseComputerController.m in Sources */,
				BAAE474414B23FDE002F5E7C /* ChooseFieldController.m in Sources */,
				BAC4BE1114B9D89800463F36 /* ComputerMedium.m in Sources */,
				BA0C2C3214C417C100CEFFBA /* Box.m in Sources */,
				BA787E2114CEF34300BD47B2 /* FieldService.m in Sources */,
				BA0942BC14D93F86003E0CD6 /* TwoPlayersViewController.m in Sources */,
			);
			runOnlyForDeploymentPostprocessing = 0;
		};
/* End PBXSourcesBuildPhase section */

/* Begin PBXVariantGroup section */
		BAA9AE2D144B034D0029D4A6 /* InfoPlist.strings */ = {
			isa = PBXVariantGroup;
			children = (
				BAA9AE2E144B034D0029D4A6 /* en */,
			);
			name = InfoPlist.strings;
			sourceTree = "<group>";
		};
		BAA9AE36144B034E0029D4A6 /* MainWindow.xib */ = {
			isa = PBXVariantGroup;
			children = (
				BAA9AE37144B034E0029D4A6 /* en */,
			);
			name = MainWindow.xib;
			sourceTree = "<group>";
		};
/* End PBXVariantGroup section */

/* Begin XCBuildConfiguration section */
		BAA9AE3C144B034E0029D4A6 /* Debug */ = {
			isa = XCBuildConfiguration;
			buildSettings = {
				ARCHS = "$(ARCHS_STANDARD_32_BIT)";
				CLANG_ENABLE_OBJC_ARC = NO;
				"CODE_SIGN_IDENTITY[sdk=iphoneos*]" = "iPhone Developer";
				GCC_C_LANGUAGE_STANDARD = gnu99;
				GCC_OPTIMIZATION_LEVEL = 0;
				GCC_PREPROCESSOR_DEFINITIONS = DEBUG;
				GCC_SYMBOLS_PRIVATE_EXTERN = NO;
				GCC_VERSION = com.apple.compilers.llvmgcc42;
				GCC_WARN_ABOUT_RETURN_TYPE = YES;
				GCC_WARN_UNUSED_VARIABLE = YES;
				IPHONEOS_DEPLOYMENT_TARGET = 4.0;
				SDKROOT = iphoneos;
				TARGETED_DEVICE_FAMILY = "1,2";
			};
			name = Debug;
		};
		BAA9AE3D144B034E0029D4A6 /* Release */ = {
			isa = XCBuildConfiguration;
			buildSettings = {
				ARCHS = "$(ARCHS_STANDARD_32_BIT)";
				CLANG_ENABLE_OBJC_ARC = NO;
				"CODE_SIGN_IDENTITY[sdk=iphoneos*]" = "iPhone Developer";
				GCC_C_LANGUAGE_STANDARD = gnu99;
				GCC_VERSION = com.apple.compilers.llvmgcc42;
				GCC_WARN_ABOUT_RETURN_TYPE = YES;
				GCC_WARN_UNUSED_VARIABLE = YES;
				IPHONEOS_DEPLOYMENT_TARGET = 4.0;
				OTHER_CFLAGS = "-DNS_BLOCK_ASSERTIONS=1";
				SDKROOT = iphoneos;
				TARGETED_DEVICE_FAMILY = "1,2";
			};
			name = Release;
		};
		BAA9AE3F144B034E0029D4A6 /* Debug */ = {
			isa = XCBuildConfiguration;
			buildSettings = {
				ALWAYS_SEARCH_USER_PATHS = NO;
				COPY_PHASE_STRIP = NO;
				GCC_DYNAMIC_NO_PIC = NO;
				GCC_ENABLE_OBJC_GC = unsupported;
				GCC_PRECOMPILE_PREFIX_HEADER = YES;
				GCC_PREFIX_HEADER = "Dots And Boxes/Dots And Boxes-Prefix.pch";
				GCC_VERSION = com.apple.compilers.llvmgcc42;
				INFOPLIST_FILE = "Dots And Boxes/Dots And Boxes-Info.plist";
				PRODUCT_NAME = "$(TARGET_NAME)";
				SDKROOT = iphoneos;
				WRAPPER_EXTENSION = app;
			};
			name = Debug;
		};
		BAA9AE40144B034E0029D4A6 /* Release */ = {
			isa = XCBuildConfiguration;
			buildSettings = {
				ALWAYS_SEARCH_USER_PATHS = NO;
				COPY_PHASE_STRIP = YES;
				GCC_ENABLE_OBJC_GC = unsupported;
				GCC_PRECOMPILE_PREFIX_HEADER = YES;
				GCC_PREFIX_HEADER = "Dots And Boxes/Dots And Boxes-Prefix.pch";
				GCC_VERSION = com.apple.compilers.llvmgcc42;
				INFOPLIST_FILE = "Dots And Boxes/Dots And Boxes-Info.plist";
				PRODUCT_NAME = "$(TARGET_NAME)";
				SDKROOT = iphoneos;
				VALIDATE_PRODUCT = YES;
				WRAPPER_EXTENSION = app;
			};
			name = Release;
		};
/* End XCBuildConfiguration section */

/* Begin XCConfigurationList section */
		BAA9AE18144B034D0029D4A6 /* Build configuration list for PBXProject "Dots And Boxes" */ = {
			isa = XCConfigurationList;
			buildConfigurations = (
				BAA9AE3C144B034E0029D4A6 /* Debug */,
				BAA9AE3D144B034E0029D4A6 /* Release */,
			);
			defaultConfigurationIsVisible = 0;
			defaultConfigurationName = Release;
		};
		BAA9AE3E144B034E0029D4A6 /* Build configuration list for PBXNativeTarget "Dots And Boxes" */ = {
			isa = XCConfigurationList;
			buildConfigurations = (
				BAA9AE3F144B034E0029D4A6 /* Debug */,
				BAA9AE40144B034E0029D4A6 /* Release */,
			);
			defaultConfigurationIsVisible = 0;
			defaultConfigurationName = Release;
		};
/* End XCConfigurationList section */

/* Begin XCVersionGroup section */
		BAA9AE39144B034E0029D4A6 /* Dots_And_Boxes.xcdatamodeld */ = {
			isa = XCVersionGroup;
			children = (
				BAA9AE3A144B034E0029D4A6 /* Dots_And_Boxes.xcdatamodel */,
			);
			currentVersion = BAA9AE3A144B034E0029D4A6 /* Dots_And_Boxes.xcdatamodel */;
			path = Dots_And_Boxes.xcdatamodeld;
			sourceTree = "<group>";
			versionGroupType = wrapper.xcdatamodel;
		};
/* End XCVersionGroup section */
	};
	rootObject = BAA9AE15144B034D0029D4A6 /* Project object */;
}
